
Microsoft Visual Studio Solution File, Format Version 12.00
Project("{FAE04EC0-301F-11D3-BF4B-00C04F79EFBC}") = "MauiCalculator", "MauiCalculator\MauiCalculator.csproj", "{0F149B4B-67C8-4825-9D31-39207A348A68}"
EndProject
Global
	GlobalSection(SolutionConfigurationPlatforms) = preSolution
		Debug|Any CPU = Debug|Any CPU
		Release|Any CPU = Release|Any CPU
	EndGlobalSection
	GlobalSection(ProjectConfigurationPlatforms) = postSolution
		{0F149B4B-67C8-4825-9D31-39207A348A68}.Debug|Any CPU.ActiveCfg = Debug|Any CPU
		{0F149B4B-67C8-4825-9D31-39207A348A68}.Debug|Any CPU.Build.0 = Debug|Any CPU
		{0F149B4B-67C8-4825-9D31-39207A348A68}.Release|Any CPU.ActiveCfg = Release|Any CPU
		{0F149B4B-67C8-4825-9D31-39207A348A68}.Release|Any CPU.Build.0 = Release|Any CPU
	EndGlobalSection
EndGlobal
